// !$*UTF8*$!
{
	archiveVersion = 1;
	classes = {
	};
	objectVersion = 50;
	objects = {

/* Begin PBXBuildFile section */
		913F0BAD25AD8764006E0162 /* AppDelegate.swift in Sources */ = {isa = PBXBuildFile; fileRef = 913F0BAC25AD8764006E0162 /* AppDelegate.swift */; };
		913F0BAF25AD8765006E0162 /* SceneDelegate.swift in Sources */ = {isa = PBXBuildFile; fileRef = 913F0BAE25AD8764006E0162 /* SceneDelegate.swift */; };
		913F0BB125AD8765006E0162 /* ContentView.swift in Sources */ = {isa = PBXBuildFile; fileRef = 913F0BB025AD8765006E0162 /* ContentView.swift */; };
		913F0BB325AD8765006E0162 /* Assets.xcassets in Resources */ = {isa = PBXBuildFile; fileRef = 913F0BB225AD8765006E0162 /* Assets.xcassets */; };
		913F0BB625AD8765006E0162 /* Preview Assets.xcassets in Resources */ = {isa = PBXBuildFile; fileRef = 913F0BB525AD8765006E0162 /* Preview Assets.xcassets */; };
		913F0BB925AD8765006E0162 /* LaunchScreen.storyboard in Resources */ = {isa = PBXBuildFile; fileRef = 913F0BB725AD8765006E0162 /* LaunchScreen.storyboard */; };
		913F0BC225AD8BAE006E0162 /* SliderView.swift in Sources */ = {isa = PBXBuildFile; fileRef = 913F0BC125AD8BAE006E0162 /* SliderView.swift */; };
/* End PBXBuildFile section */

/* Begin PBXFileReference section */
		913F0BA925AD8764006E0162 /* ColorPicker.app */ = {isa = PBXFileReference; explicitFileType = wrapper.application; includeInIndex = 0; path = ColorPicker.app; sourceTree = BUILT_PRODUCTS_DIR; };
		913F0BAC25AD8764006E0162 /* AppDelegate.swift */ = {isa = PBXFileReference; lastKnownFileType = sourcecode.swift; path = AppDelegate.swift; sourceTree = "<group>"; };
		913F0BAE25AD8764006E0162 /* SceneDelegate.swift */ = {isa = PBXFileReference; lastKnownFileType = sourcecode.swift; path = SceneDelegate.swift; sourceTree = "<group>"; };
		913F0BB025AD8765006E0162 /* ContentView.swift */ = {isa = PBXFileReference; lastKnownFileType = sourcecode.swift; path = ContentView.swift; sourceTree = "<group>"; };
		913F0BB225AD8765006E0162 /* Assets.xcassets */ = {isa = PBXFileReference; lastKnownFileType = folder.assetcatalog; path = Assets.xcassets; sourceTree = "<group>"; };
		913F0BB525AD8765006E0162 /* Preview Assets.xcassets */ = {isa = PBXFileReference; lastKnownFileType = folder.assetcatalog; path = "Preview Assets.xcassets"; sourceTree = "<group>"; };
		913F0BB825AD8765006E0162 /* Base */ = {isa = PBXFileReference; lastKnownFileType = file.storyboard; name = Base; path = Base.lproj/LaunchScreen.storyboard; sourceTree = "<group>"; };
		913F0BBA25AD8765006E0162 /* Info.plist */ = {isa = PBXFileReference; lastKnownFileType = text.plist.xml; path = Info.plist; sourceTree = "<group>"; };
		913F0BC125AD8BAE006E0162 /* SliderView.swift */ = {isa = PBXFileReference; lastKnownFileType = sourcecode.swift; path = SliderView.swift; sourceTree = "<group>"; };
/* End PBXFileReference section */

/* Begin PBXFrameworksBuildPhase section */
		913F0BA625AD8764006E0162 /* Frameworks */ = {
			isa = PBXFrameworksBuildPhase;
			buildActionMask = 2147483647;
			files = (
			);
			runOnlyForDeploymentPostprocessing = 0;
		};
/* End PBXFrameworksBuildPhase section */

/* Begin PBXGroup section */
		913F0BA025AD8764006E0162 = {
			isa = PBXGroup;
			children = (
				913F0BAB25AD8764006E0162 /* Sliderview */,
				913F0BAA25AD8764006E0162 /* Products */,
			);
			sourceTree = "<group>";
		};
		913F0BAA25AD8764006E0162 /* Products */ = {
			isa = PBXGroup;
			children = (
				913F0BA925AD8764006E0162 /* ColorPicker.app */,
			);
			name = Products;
			sourceTree = "<group>";
		};
		913F0BAB25AD8764006E0162 /* Sliderview */ = {
			isa = PBXGroup;
			children = (
				913F0BAC25AD8764006E0162 /* AppDelegate.swift */,
				913F0BAE25AD8764006E0162 /* SceneDelegate.swift */,
				913F0BB025AD8765006E0162 /* ContentView.swift */,
				913F0BC125AD8BAE006E0162 /* SliderView.swift */,
				913F0BB225AD8765006E0162 /* Assets.xcassets */,
				913F0BB725AD8765006E0162 /* LaunchScreen.storyboard */,
				913F0BBA25AD8765006E0162 /* Info.plist */,
				913F0BB425AD8765006E0162 /* Preview Content */,
			);
			path = Sliderview;
			sourceTree = "<group>";
		};
		913F0BB425AD8765006E0162 /* Preview Content */ = {
			isa = PBXGroup;
			children = (
				913F0BB525AD8765006E0162 /* Preview Assets.xcassets */,
			);
			path = "Preview Content";
			sourceTree = "<group>";
		};
/* End PBXGroup section */

/* Begin PBXNativeTarget section */
		913F0BA825AD8764006E0162 /* ColorPicker */ = {
			isa = PBXNativeTarget;
			buildConfigurationList = 913F0BBD25AD8765006E0162 /* Build configuration list for PBXNativeTarget "ColorPicker" */;
			buildPhases = (
				913F0BA525AD8764006E0162 /* Sources */,
				913F0BA625AD8764006E0162 /* Frameworks */,
				913F0BA725AD8764006E0162 /* Resources */,
			);
			buildRules = (
			);
			dependencies = (
			);
			name = ColorPicker;
			productName = Sliderview;
			productReference = 913F0BA925AD8764006E0162 /* ColorPicker.app */;
			productType = "com.apple.product-type.application";
		};
/* End PBXNativeTarget section */

/* Begin PBXProject section */
		913F0BA125AD8764006E0162 /* Project object */ = {
			isa = PBXProject;
			attributes = {
				LastSwiftUpdateCheck = 1210;
				LastUpgradeCheck = 1210;
				TargetAttributes = {
					913F0BA825AD8764006E0162 = {
						CreatedOnToolsVersion = 12.1;
					};
				};
			};
			buildConfigurationList = 913F0BA425AD8764006E0162 /* Build configuration list for PBXProject "ColorPicker" */;
			compatibilityVersion = "Xcode 9.3";
			developmentRegion = en;
			hasScannedForEncodings = 0;
			knownRegions = (
				en,
				Base,
			);
			mainGroup = 913F0BA025AD8764006E0162;
			productRefGroup = 913F0BAA25AD8764006E0162 /* Products */;
			projectDirPath = "";
			projectRoot = "";
			targets = (
				913F0BA825AD8764006E0162 /* ColorPicker */,
			);
		};
/* End PBXProject section */

/* Begin PBXResourcesBuildPhase section */
		913F0BA725AD8764006E0162 /* Resources */ = {
			isa = PBXResourcesBuildPhase;
			buildActionMask = 2147483647;
			files = (
				913F0BB925AD8765006E0162 /* LaunchScreen.storyboard in Resources */,
				913F0BB625AD8765006E0162 /* Preview Assets.xcassets in Resources */,
				913F0BB325AD8765006E0162 /* Assets.xcassets in Resources */,
			);
			runOnlyForDeploymentPostprocessing = 0;
		};
/* End PBXResourcesBuildPhase section */

/* Begin PBXSourcesBuildPhase section */
		913F0BA525AD8764006E0162 /* Sources */ = {
			isa = PBXSourcesBuildPhase;
			buildActionMask = 2147483647;
			files = (
				913F0BAD25AD8764006E0162 /* AppDelegate.swift in Sources */,
				913F0BAF25AD8765006E0162 /* SceneDelegate.swift in Sources */,
				913F0BC225AD8BAE006E0162 /* SliderView.swift in Sources */,
				913F0BB125AD8765006E0162 /* ContentView.swift in Sources */,
			);
			runOnlyForDeploymentPostprocessing = 0;
		};
/* End PBXSourcesBuildPhase section */

/* Begin PBXVariantGroup section */
		913F0BB725AD8765006E0162 /* LaunchScreen.storyboard */ = {
			isa = PBXVariantGroup;
			children = (
				913F0BB825AD8765006E0162 /* Base */,
			);
			name = LaunchScreen.storyboard;
			sourceTree = "<group>";
		};
/* End PBXVariantGroup section */

/* Begin XCBuildConfiguration section */
		913F0BBB25AD8765006E0162 /* Debug */ = {
			isa = XCBuildConfiguration;
			buildSettings = {
				ALWAYS_SEARCH_USER_PATHS = NO;
				CLANG_ANALYZER_NONNULL = YES;
				CLANG_ANALYZER_NUMBER_OBJECT_CONVERSION = YES_AGGRESSIVE;
				CLANG_CXX_LANGUAGE_STANDARD = "gnu++14";
				CLANG_CXX_LIBRARY = "libc++";
				CLANG_ENABLE_MODULES = YES;
				CLANG_ENABLE_OBJC_ARC = YES;
				CLANG_ENABLE_OBJC_WEAK = YES;
				CLANG_WARN_BLOCK_CAPTURE_AUTORELEASING = YES;
				CLANG_WARN_BOOL_CONVERSION = YES;
				CLANG_WARN_COMMA = YES;
				CLANG_WARN_CONSTANT_CONVERSION = YES;
				CLANG_WARN_DEPRECATED_OBJC_IMPLEMENTATIONS = YES;
				CLANG_WARN_DIRECT_OBJC_ISA_USAGE = YES_ERROR;
				CLANG_WARN_DOCUMENTATION_COMMENTS = YES;
				CLANG_WARN_EMPTY_BODY = YES;
				CLANG_WARN_ENUM_CONVERSION = YES;
				CLANG_WARN_INFINITE_RECURSION = YES;
				CLANG_WARN_INT_CONVERSION = YES;
				CLANG_WARN_NON_LITERAL_NULL_CONVERSION = YES;
				CLANG_WARN_OBJC_IMPLICIT_RETAIN_SELF = YES;
				CLANG_WARN_OBJC_LITERAL_CONVERSION = YES;
				CLANG_WARN_OBJC_ROOT_CLASS = YES_ERROR;
				CLANG_WARN_QUOTED_INCLUDE_IN_FRAMEWORK_HEADER = YES;
				CLANG_WARN_RANGE_LOOP_ANALYSIS = YES;
				CLANG_WARN_STRICT_PROTOTYPES = YES;
				CLANG_WARN_SUSPICIOUS_MOVE = YES;
				CLANG_WARN_UNGUARDED_AVAILABILITY = YES_AGGRESSIVE;
				CLANG_WARN_UNREACHABLE_CODE = YES;
				CLANG_WARN__DUPLICATE_METHOD_MATCH = YES;
				COPY_PHASE_STRIP = NO;
				DEBUG_INFORMATION_FORMAT = dwarf;
				ENABLE_STRICT_OBJC_MSGSEND = YES;
				ENABLE_TESTABILITY = YES;
				GCC_C_LANGUAGE_STANDARD = gnu11;
				GCC_DYNAMIC_NO_PIC = NO;
				GCC_NO_COMMON_BLOCKS = YES;
				GCC_OPTIMIZATION_LEVEL = 0;
				GCC_PREPROCESSOR_DEFINITIONS = (
					"DEBUG=1",
					"$(inherited)",
				);
				GCC_WARN_64_TO_32_BIT_CONVERSION = YES;
				GCC_WARN_ABOUT_RETURN_TYPE = YES_ERROR;
				GCC_WARN_UNDECLARED_SELECTOR = YES;
				GCC_WARN_UNINITIALIZED_AUTOS = YES_AGGRESSIVE;
				GCC_WARN_UNUSED_FUNCTION = YES;
				GCC_WARN_UNUSED_VARIABLE = YES;
				IPHONEOS_DEPLOYMENT_TARGET = 14.1;
				MTL_ENABLE_DEBUG_INFO = INCLUDE_SOURCE;
				MTL_FAST_MATH = YES;
				ONLY_ACTIVE_ARCH = YES;
				SDKROOT = iphoneos;
				SWIFT_ACTIVE_COMPILATION_CONDITIONS = DEBUG;
				SWIFT_OPTIMIZATION_LEVEL = "-Onone";
			};
			name = Debug;
		};
		913F0BBC25AD8765006E0162 /* Release */ = {
			isa = XCBuildConfiguration;
			buildSettings = {
				ALWAYS_SEARCH_USER_PATHS = NO;
				CLANG_ANALYZER_NONNULL = YES;
				CLANG_ANALYZER_NUMBER_OBJECT_CONVERSION = YES_AGGRESSIVE;
				CLANG_CXX_LANGUAGE_STANDARD = "gnu++14";
				CLANG_CXX_LIBRARY = "libc++";
				CLANG_ENABLE_MODULES = YES;
				CLANG_ENABLE_OBJC_ARC = YES;
				CLANG_ENABLE_OBJC_WEAK = YES;
				CLANG_WARN_BLOCK_CAPTURE_AUTORELEASING = YES;
				CLANG_WARN_BOOL_CONVERSION = YES;
				CLANG_WARN_COMMA = YES;
				CLANG_WARN_CONSTANT_CONVERSION = YES;
				CLANG_WARN_DEPRECATED_OBJC_IMPLEMENTATIONS = YES;
				CLANG_WARN_DIRECT_OBJC_ISA_USAGE = YES_ERROR;
				CLANG_WARN_DOCUMENTATION_COMMENTS = YES;
				CLANG_WARN_EMPTY_BODY = YES;
				CLANG_WARN_ENUM_CONVERSION = YES;
				CLANG_WARN_INFINITE_RECURSION = YES;
				CLANG_WARN_INT_CONVERSION = YES;
				CLANG_WARN_NON_LITERAL_NULL_CONVERSION = YES;
				CLANG_WARN_OBJC_IMPLICIT_RETAIN_SELF = YES;
				CLANG_WARN_OBJC_LITERAL_CONVERSION = YES;
				CLANG_WARN_OBJC_ROOT_CLASS = YES_ERROR;
				CLANG_WARN_QUOTED_INCLUDE_IN_FRAMEWORK_HEADER = YES;
				CLANG_WARN_RANGE_LOOP_ANALYSIS = YES;
				CLANG_WARN_STRICT_PROTOTYPES = YES;
				CLANG_WARN_SUSPICIOUS_MOVE = YES;
				CLANG_WARN_UNGUARDED_AVAILABILITY = YES_AGGRESSIVE;
				CLANG_WARN_UNREACHABLE_CODE = YES;
				CLANG_WARN__DUPLICATE_METHOD_MATCH = YES;
				COPY_PHASE_STRIP = NO;
				DEBUG_INFORMATION_FORMAT = "dwarf-with-dsym";
				ENABLE_NS_ASSERTIONS = NO;
				ENABLE_STRICT_OBJC_MSGSEND = YES;
				GCC_C_LANGUAGE_STANDARD = gnu11;
				GCC_NO_COMMON_BLOCKS = YES;
				GCC_WARN_64_TO_32_BIT_CONVERSION = YES;
				GCC_WARN_ABOUT_RETURN_TYPE = YES_ERROR;
				GCC_WARN_UNDECLARED_SELECTOR = YES;
				GCC_WARN_UNINITIALIZED_AUTOS = YES_AGGRESSIVE;
				GCC_WARN_UNUSED_FUNCTION = YES;
				GCC_WARN_UNUSED_VARIABLE = YES;
				IPHONEOS_DEPLOYMENT_TARGET = 14.1;
				MTL_ENABLE_DEBUG_INFO = NO;
				MTL_FAST_MATH = YES;
				SDKROOT = iphoneos;
				SWIFT_COMPILATION_MODE = wholemodule;
				SWIFT_OPTIMIZATION_LEVEL = "-O";
				VALIDATE_PRODUCT = YES;
			};
			name = Release;
		};
		913F0BBE25AD8765006E0162 /* Debug */ = {
			isa = XCBuildConfiguration;
			buildSettings = {
				ASSETCATALOG_COMPILER_APPICON_NAME = AppIcon;
				ASSETCATALOG_COMPILER_GLOBAL_ACCENT_COLOR_NAME = AccentColor;
				CODE_SIGN_STYLE = Automatic;
				DEVELOPMENT_ASSET_PATHS = "\"Sliderview/Preview Content\"";
				ENABLE_PREVIEWS = YES;
				INFOPLIST_FILE = Sliderview/Info.plist;
				LD_RUNPATH_SEARCH_PATHS = (
					"$(inherited)",
					"@executable_path/Frameworks",
				);
				PRODUCT_BUNDLE_IDENTIFIER = omitoful.Sliderview;
				PRODUCT_NAME = "$(TARGET_NAME)";
				SWIFT_VERSION = 5.0;
				TARGETED_DEVICE_FAMILY = "1,2";
			};
			name = Debug;
		};
		913F0BBF25AD8765006E0162 /* Release */ = {
			isa = XCBuildConfiguration;
			buildSettings = {
				ASSETCATALOG_COMPILER_APPICON_NAME = AppIcon;
				ASSETCATALOG_COMPILER_GLOBAL_ACCENT_COLOR_NAME = AccentColor;
				CODE_SIGN_STYLE = Automatic;
				DEVELOPMENT_ASSET_PATHS = "\"Sliderview/Preview Content\"";
				ENABLE_PREVIEWS = YES;
				INFOPLIST_FILE = Sliderview/Info.plist;
				LD_RUNPATH_SEARCH_PATHS = (
					"$(inherited)",
					"@executable_path/Frameworks",
				);
				PRODUCT_BUNDLE_IDENTIFIER = omitoful.Sliderview;
				PRODUCT_NAME = "$(TARGET_NAME)";
				SWIFT_VERSION = 5.0;
				TARGETED_DEVICE_FAMILY = "1,2";
			};
			name = Release;
		};
/* End XCBuildConfiguration section */

/* Begin XCConfigurationList section */
		913F0BA425AD8764006E0162 /* Build configuration list for PBXProject "ColorPicker" */ = {
			isa = XCConfigurationList;
			buildConfigurations = (
				913F0BBB25AD8765006E0162 /* Debug */,
				913F0BBC25AD8765006E0162 /* Release */,
			);
			defaultConfigurationIsVisible = 0;
			defaultConfigurationName = Release;
		};
		913F0BBD25AD8765006E0162 /* Build configuration list for PBXNativeTarget "ColorPicker" */ = {
			isa = XCConfigurationList;
			buildConfigurations = (
				913F0BBE25AD8765006E0162 /* Debug */,
				913F0BBF25AD8765006E0162 /* Release */,
			);
			defaultConfigurationIsVisible = 0;
			defaultConfigurationName = Release;
		};
/* End XCConfigurationList section */
	};
	rootObject = 913F0BA125AD8764006E0162 /* Project object */;
}
