// !$*UTF8*$!
{
	archiveVersion = 1;
	classes = {
	};
	objectVersion = 50;
	objects = {

/* Begin PBXBuildFile section */
		9155FB7325AF22DA00C036BE /* slot_99App.swift in Sources */ = {isa = PBXBuildFile; fileRef = 9155FB7225AF22DA00C036BE /* slot_99App.swift */; };
		9155FB7525AF22DA00C036BE /* ContentView.swift in Sources */ = {isa = PBXBuildFile; fileRef = 9155FB7425AF22DA00C036BE /* ContentView.swift */; };
		9155FB7725AF22DB00C036BE /* Assets.xcassets in Resources */ = {isa = PBXBuildFile; fileRef = 9155FB7625AF22DB00C036BE /* Assets.xcassets */; };
		9155FB7A25AF22DB00C036BE /* Preview Assets.xcassets in Resources */ = {isa = PBXBuildFile; fileRef = 9155FB7925AF22DB00C036BE /* Preview Assets.xcassets */; };
		9155FB8325B2874700C036BE /* CardViewPlus.swift in Sources */ = {isa = PBXBuildFile; fileRef = 9155FB8225B2874700C036BE /* CardViewPlus.swift */; };
/* End PBXBuildFile section */

/* Begin PBXFileReference section */
		9155FB6F25AF22DA00C036BE /* slot 99.app */ = {isa = PBXFileReference; explicitFileType = wrapper.application; includeInIndex = 0; path = "slot 99.app"; sourceTree = BUILT_PRODUCTS_DIR; };
		9155FB7225AF22DA00C036BE /* slot_99App.swift */ = {isa = PBXFileReference; lastKnownFileType = sourcecode.swift; path = slot_99App.swift; sourceTree = "<group>"; };
		9155FB7425AF22DA00C036BE /* ContentView.swift */ = {isa = PBXFileReference; lastKnownFileType = sourcecode.swift; path = ContentView.swift; sourceTree = "<group>"; };
		9155FB7625AF22DB00C036BE /* Assets.xcassets */ = {isa = PBXFileReference; lastKnownFileType = folder.assetcatalog; path = Assets.xcassets; sourceTree = "<group>"; };
		9155FB7925AF22DB00C036BE /* Preview Assets.xcassets */ = {isa = PBXFileReference; lastKnownFileType = folder.assetcatalog; path = "Preview Assets.xcassets"; sourceTree = "<group>"; };
		9155FB7B25AF22DB00C036BE /* Info.plist */ = {isa = PBXFileReference; lastKnownFileType = text.plist.xml; path = Info.plist; sourceTree = "<group>"; };
		9155FB8225B2874700C036BE /* CardViewPlus.swift */ = {isa = PBXFileReference; lastKnownFileType = sourcecode.swift; path = CardViewPlus.swift; sourceTree = "<group>"; };
/* End PBXFileReference section */

/* Begin PBXFrameworksBuildPhase section */
		9155FB6C25AF22DA00C036BE /* Frameworks */ = {
			isa = PBXFrameworksBuildPhase;
			buildActionMask = 2147483647;
			files = (
			);
			runOnlyForDeploymentPostprocessing = 0;
		};
/* End PBXFrameworksBuildPhase section */

/* Begin PBXGroup section */
		9155FB6625AF22DA00C036BE = {
			isa = PBXGroup;
			children = (
				9155FB7125AF22DA00C036BE /* slot 99 */,
				9155FB7025AF22DA00C036BE /* Products */,
			);
			sourceTree = "<group>";
		};
		9155FB7025AF22DA00C036BE /* Products */ = {
			isa = PBXGroup;
			children = (
				9155FB6F25AF22DA00C036BE /* slot 99.app */,
			);
			name = Products;
			sourceTree = "<group>";
		};
		9155FB7125AF22DA00C036BE /* slot 99 */ = {
			isa = PBXGroup;
			children = (
				9155FB7225AF22DA00C036BE /* slot_99App.swift */,
				9155FB7425AF22DA00C036BE /* ContentView.swift */,
				9155FB8225B2874700C036BE /* CardViewPlus.swift */,
				9155FB7625AF22DB00C036BE /* Assets.xcassets */,
				9155FB7B25AF22DB00C036BE /* Info.plist */,
				9155FB7825AF22DB00C036BE /* Preview Content */,
			);
			path = "slot 99";
			sourceTree = "<group>";
		};
		9155FB7825AF22DB00C036BE /* Preview Content */ = {
			isa = PBXGroup;
			children = (
				9155FB7925AF22DB00C036BE /* Preview Assets.xcassets */,
			);
			path = "Preview Content";
			sourceTree = "<group>";
		};
/* End PBXGroup section */

/* Begin PBXNativeTarget section */
		9155FB6E25AF22DA00C036BE /* slot 99 */ = {
			isa = PBXNativeTarget;
			buildConfigurationList = 9155FB7E25AF22DB00C036BE /* Build configuration list for PBXNativeTarget "slot 99" */;
			buildPhases = (
				9155FB6B25AF22DA00C036BE /* Sources */,
				9155FB6C25AF22DA00C036BE /* Frameworks */,
				9155FB6D25AF22DA00C036BE /* Resources */,
			);
			buildRules = (
			);
			dependencies = (
			);
			name = "slot 99";
			productName = "slot 99";
			productReference = 9155FB6F25AF22DA00C036BE /* slot 99.app */;
			productType = "com.apple.product-type.application";
		};
/* End PBXNativeTarget section */

/* Begin PBXProject section */
		9155FB6725AF22DA00C036BE /* Project object */ = {
			isa = PBXProject;
			attributes = {
				LastSwiftUpdateCheck = 1210;
				LastUpgradeCheck = 1210;
				TargetAttributes = {
					9155FB6E25AF22DA00C036BE = {
						CreatedOnToolsVersion = 12.1;
					};
				};
			};
			buildConfigurationList = 9155FB6A25AF22DA00C036BE /* Build configuration list for PBXProject "slot 99" */;
			compatibilityVersion = "Xcode 9.3";
			developmentRegion = en;
			hasScannedForEncodings = 0;
			knownRegions = (
				en,
				Base,
			);
			mainGroup = 9155FB6625AF22DA00C036BE;
			productRefGroup = 9155FB7025AF22DA00C036BE /* Products */;
			projectDirPath = "";
			projectRoot = "";
			targets = (
				9155FB6E25AF22DA00C036BE /* slot 99 */,
			);
		};
/* End PBXProject section */

/* Begin PBXResourcesBuildPhase section */
		9155FB6D25AF22DA00C036BE /* Resources */ = {
			isa = PBXResourcesBuildPhase;
			buildActionMask = 2147483647;
			files = (
				9155FB7A25AF22DB00C036BE /* Preview Assets.xcassets in Resources */,
				9155FB7725AF22DB00C036BE /* Assets.xcassets in Resources */,
			);
			runOnlyForDeploymentPostprocessing = 0;
		};
/* End PBXResourcesBuildPhase section */

/* Begin PBXSourcesBuildPhase section */
		9155FB6B25AF22DA00C036BE /* Sources */ = {
			isa = PBXSourcesBuildPhase;
			buildActionMask = 2147483647;
			files = (
				9155FB7525AF22DA00C036BE /* ContentView.swift in Sources */,
				9155FB7325AF22DA00C036BE /* slot_99App.swift in Sources */,
				9155FB8325B2874700C036BE /* CardViewPlus.swift in Sources */,
			);
			runOnlyForDeploymentPostprocessing = 0;
		};
/* End PBXSourcesBuildPhase section */

/* Begin XCBuildConfiguration section */
		9155FB7C25AF22DB00C036BE /* Debug */ = {
			isa = XCBuildConfiguration;
			buildSettings = {
				ALWAYS_SEARCH_USER_PATHS = NO;
				CLANG_ANALYZER_NONNULL = YES;
				CLANG_ANALYZER_NUMBER_OBJECT_CONVERSION = YES_AGGRESSIVE;
				CLANG_CXX_LANGUAGE_STANDARD = "gnu++14";
				CLANG_CXX_LIBRARY = "libc++";
				CLANG_ENABLE_MODULES = YES;
				CLANG_ENABLE_OBJC_ARC = YES;
				CLANG_ENABLE_OBJC_WEAK = YES;
				CLANG_WARN_BLOCK_CAPTURE_AUTORELEASING = YES;
				CLANG_WARN_BOOL_CONVERSION = YES;
				CLANG_WARN_COMMA = YES;
				CLANG_WARN_CONSTANT_CONVERSION = YES;
				CLANG_WARN_DEPRECATED_OBJC_IMPLEMENTATIONS = YES;
				CLANG_WARN_DIRECT_OBJC_ISA_USAGE = YES_ERROR;
				CLANG_WARN_DOCUMENTATION_COMMENTS = YES;
				CLANG_WARN_EMPTY_BODY = YES;
				CLANG_WARN_ENUM_CONVERSION = YES;
				CLANG_WARN_INFINITE_RECURSION = YES;
				CLANG_WARN_INT_CONVERSION = YES;
				CLANG_WARN_NON_LITERAL_NULL_CONVERSION = YES;
				CLANG_WARN_OBJC_IMPLICIT_RETAIN_SELF = YES;
				CLANG_WARN_OBJC_LITERAL_CONVERSION = YES;
				CLANG_WARN_OBJC_ROOT_CLASS = YES_ERROR;
				CLANG_WARN_QUOTED_INCLUDE_IN_FRAMEWORK_HEADER = YES;
				CLANG_WARN_RANGE_LOOP_ANALYSIS = YES;
				CLANG_WARN_STRICT_PROTOTYPES = YES;
				CLANG_WARN_SUSPICIOUS_MOVE = YES;
				CLANG_WARN_UNGUARDED_AVAILABILITY = YES_AGGRESSIVE;
				CLANG_WARN_UNREACHABLE_CODE = YES;
				CLANG_WARN__DUPLICATE_METHOD_MATCH = YES;
				COPY_PHASE_STRIP = NO;
				DEBUG_INFORMATION_FORMAT = dwarf;
				ENABLE_STRICT_OBJC_MSGSEND = YES;
				ENABLE_TESTABILITY = YES;
				GCC_C_LANGUAGE_STANDARD = gnu11;
				GCC_DYNAMIC_NO_PIC = NO;
				GCC_NO_COMMON_BLOCKS = YES;
				GCC_OPTIMIZATION_LEVEL = 0;
				GCC_PREPROCESSOR_DEFINITIONS = (
					"DEBUG=1",
					"$(inherited)",
				);
				GCC_WARN_64_TO_32_BIT_CONVERSION = YES;
				GCC_WARN_ABOUT_RETURN_TYPE = YES_ERROR;
				GCC_WARN_UNDECLARED_SELECTOR = YES;
				GCC_WARN_UNINITIALIZED_AUTOS = YES_AGGRESSIVE;
				GCC_WARN_UNUSED_FUNCTION = YES;
				GCC_WARN_UNUSED_VARIABLE = YES;
				IPHONEOS_DEPLOYMENT_TARGET = 14.1;
				MTL_ENABLE_DEBUG_INFO = INCLUDE_SOURCE;
				MTL_FAST_MATH = YES;
				ONLY_ACTIVE_ARCH = YES;
				SDKROOT = iphoneos;
				SWIFT_ACTIVE_COMPILATION_CONDITIONS = DEBUG;
				SWIFT_OPTIMIZATION_LEVEL = "-Onone";
			};
			name = Debug;
		};
		9155FB7D25AF22DB00C036BE /* Release */ = {
			isa = XCBuildConfiguration;
			buildSettings = {
				ALWAYS_SEARCH_USER_PATHS = NO;
				CLANG_ANALYZER_NONNULL = YES;
				CLANG_ANALYZER_NUMBER_OBJECT_CONVERSION = YES_AGGRESSIVE;
				CLANG_CXX_LANGUAGE_STANDARD = "gnu++14";
				CLANG_CXX_LIBRARY = "libc++";
				CLANG_ENABLE_MODULES = YES;
				CLANG_ENABLE_OBJC_ARC = YES;
				CLANG_ENABLE_OBJC_WEAK = YES;
				CLANG_WARN_BLOCK_CAPTURE_AUTORELEASING = YES;
				CLANG_WARN_BOOL_CONVERSION = YES;
				CLANG_WARN_COMMA = YES;
				CLANG_WARN_CONSTANT_CONVERSION = YES;
				CLANG_WARN_DEPRECATED_OBJC_IMPLEMENTATIONS = YES;
				CLANG_WARN_DIRECT_OBJC_ISA_USAGE = YES_ERROR;
				CLANG_WARN_DOCUMENTATION_COMMENTS = YES;
				CLANG_WARN_EMPTY_BODY = YES;
				CLANG_WARN_ENUM_CONVERSION = YES;
				CLANG_WARN_INFINITE_RECURSION = YES;
				CLANG_WARN_INT_CONVERSION = YES;
				CLANG_WARN_NON_LITERAL_NULL_CONVERSION = YES;
				CLANG_WARN_OBJC_IMPLICIT_RETAIN_SELF = YES;
				CLANG_WARN_OBJC_LITERAL_CONVERSION = YES;
				CLANG_WARN_OBJC_ROOT_CLASS = YES_ERROR;
				CLANG_WARN_QUOTED_INCLUDE_IN_FRAMEWORK_HEADER = YES;
				CLANG_WARN_RANGE_LOOP_ANALYSIS = YES;
				CLANG_WARN_STRICT_PROTOTYPES = YES;
				CLANG_WARN_SUSPICIOUS_MOVE = YES;
				CLANG_WARN_UNGUARDED_AVAILABILITY = YES_AGGRESSIVE;
				CLANG_WARN_UNREACHABLE_CODE = YES;
				CLANG_WARN__DUPLICATE_METHOD_MATCH = YES;
				COPY_PHASE_STRIP = NO;
				DEBUG_INFORMATION_FORMAT = "dwarf-with-dsym";
				ENABLE_NS_ASSERTIONS = NO;
				ENABLE_STRICT_OBJC_MSGSEND = YES;
				GCC_C_LANGUAGE_STANDARD = gnu11;
				GCC_NO_COMMON_BLOCKS = YES;
				GCC_WARN_64_TO_32_BIT_CONVERSION = YES;
				GCC_WARN_ABOUT_RETURN_TYPE = YES_ERROR;
				GCC_WARN_UNDECLARED_SELECTOR = YES;
				GCC_WARN_UNINITIALIZED_AUTOS = YES_AGGRESSIVE;
				GCC_WARN_UNUSED_FUNCTION = YES;
				GCC_WARN_UNUSED_VARIABLE = YES;
				IPHONEOS_DEPLOYMENT_TARGET = 14.1;
				MTL_ENABLE_DEBUG_INFO = NO;
				MTL_FAST_MATH = YES;
				SDKROOT = iphoneos;
				SWIFT_COMPILATION_MODE = wholemodule;
				SWIFT_OPTIMIZATION_LEVEL = "-O";
				VALIDATE_PRODUCT = YES;
			};
			name = Release;
		};
		9155FB7F25AF22DB00C036BE /* Debug */ = {
			isa = XCBuildConfiguration;
			buildSettings = {
				ASSETCATALOG_COMPILER_APPICON_NAME = AppIcon;
				ASSETCATALOG_COMPILER_GLOBAL_ACCENT_COLOR_NAME = AccentColor;
				CODE_SIGN_STYLE = Automatic;
				DEVELOPMENT_ASSET_PATHS = "\"slot 99/Preview Content\"";
				ENABLE_PREVIEWS = YES;
				INFOPLIST_FILE = "slot 99/Info.plist";
				IPHONEOS_DEPLOYMENT_TARGET = 14.0;
				LD_RUNPATH_SEARCH_PATHS = (
					"$(inherited)",
					"@executable_path/Frameworks",
				);
				PRODUCT_BUNDLE_IDENTIFIER = "omitoful.slot-99";
				PRODUCT_NAME = "$(TARGET_NAME)";
				SWIFT_VERSION = 5.0;
				TARGETED_DEVICE_FAMILY = "1,2";
			};
			name = Debug;
		};
		9155FB8025AF22DB00C036BE /* Release */ = {
			isa = XCBuildConfiguration;
			buildSettings = {
				ASSETCATALOG_COMPILER_APPICON_NAME = AppIcon;
				ASSETCATALOG_COMPILER_GLOBAL_ACCENT_COLOR_NAME = AccentColor;
				CODE_SIGN_STYLE = Automatic;
				DEVELOPMENT_ASSET_PATHS = "\"slot 99/Preview Content\"";
				ENABLE_PREVIEWS = YES;
				INFOPLIST_FILE = "slot 99/Info.plist";
				IPHONEOS_DEPLOYMENT_TARGET = 14.0;
				LD_RUNPATH_SEARCH_PATHS = (
					"$(inherited)",
					"@executable_path/Frameworks",
				);
				PRODUCT_BUNDLE_IDENTIFIER = "omitoful.slot-99";
				PRODUCT_NAME = "$(TARGET_NAME)";
				SWIFT_VERSION = 5.0;
				TARGETED_DEVICE_FAMILY = "1,2";
			};
			name = Release;
		};
/* End XCBuildConfiguration section */

/* Begin XCConfigurationList section */
		9155FB6A25AF22DA00C036BE /* Build configuration list for PBXProject "slot 99" */ = {
			isa = XCConfigurationList;
			buildConfigurations = (
				9155FB7C25AF22DB00C036BE /* Debug */,
				9155FB7D25AF22DB00C036BE /* Release */,
			);
			defaultConfigurationIsVisible = 0;
			defaultConfigurationName = Release;
		};
		9155FB7E25AF22DB00C036BE /* Build configuration list for PBXNativeTarget "slot 99" */ = {
			isa = XCConfigurationList;
			buildConfigurations = (
				9155FB7F25AF22DB00C036BE /* Debug */,
				9155FB8025AF22DB00C036BE /* Release */,
			);
			defaultConfigurationIsVisible = 0;
			defaultConfigurationName = Release;
		};
/* End XCConfigurationList section */
	};
	rootObject = 9155FB6725AF22DA00C036BE /* Project object */;
}
